
Microsoft Visual Studio Solution File, Format Version 10.00
# Visual Studio 2008
Project("{FAE04EC0-301F-11D3-BF4B-00C04F79EFBC}") = "web_control_ajax2", "web_control_ajax2.csproj", "{BF210E8B-744C-4559-BB33-5543023220F8}"
EndProject
Global
	GlobalSection(SubversionScc) = preSolution
		Svn-Managed = True
		Manager = AnkhSVN - Subversion Support for Visual Studio
	EndGlobalSection
	GlobalSection(SolutionConfigurationPlatforms) = preSolution
		Debug|Any CPU = Debug|Any CPU
		Release|Any CPU = Release|Any CPU
	EndGlobalSection
	GlobalSection(ProjectConfigurationPlatforms) = postSolution
		{BF210E8B-744C-4559-BB33-5543023220F8}.Debug|Any CPU.ActiveCfg = Debug|Any CPU
		{BF210E8B-744C-4559-BB33-5543023220F8}.Debug|Any CPU.Build.0 = Debug|Any CPU
		{BF210E8B-744C-4559-BB33-5543023220F8}.Release|Any CPU.ActiveCfg = Release|Any CPU
		{BF210E8B-744C-4559-BB33-5543023220F8}.Release|Any CPU.Build.0 = Release|Any CPU
	EndGlobalSection
	GlobalSection(SolutionProperties) = preSolution
		HideSolutionNode = FALSE
	EndGlobalSection
EndGlobal
